
Microsoft Visual Studio Solution File, Format Version 12.00
# Visual Studio 15
Project("{FAE04EC0-301F-11D3-BF4B-00C04F79EFBC}") = "Assembly-CSharp-firstpass", "Assembly-CSharp-firstpass.csproj", "{3924F3BC-2CA2-6F16-0849-E1380B7FD619}"
EndProject
Project("{FAE04EC0-301F-11D3-BF4B-00C04F79EFBC}") = "UnityEngine.UI", "UnityEngine.UI.csproj", "{F068BB10-F372-0B32-D3E6-6D1F6B58B53F}"
EndProject
Project("{FAE04EC0-301F-11D3-BF4B-00C04F79EFBC}") = "UnityEngine.TestRunner", "UnityEngine.TestRunner.csproj", "{AB07133A-EFC3-6954-24E2-4F859CFC1ECB}"
EndProject
Project("{FAE04EC0-301F-11D3-BF4B-00C04F79EFBC}") = "Unity.TextMeshPro", "Unity.TextMeshPro.csproj", "{093A6CB3-C5F6-9E27-F315-4E4625087075}"
EndProject
Project("{FAE04EC0-301F-11D3-BF4B-00C04F79EFBC}") = "Unity.Timeline", "Unity.Timeline.csproj", "{2F27C4F5-C913-E112-1F0E-E043DD969A1E}"
EndProject
Project("{FAE04EC0-301F-11D3-BF4B-00C04F79EFBC}") = "UnityEngine.Advertisements", "UnityEngine.Advertisements.csproj", "{330D781B-9027-9711-3A7E-86F13EF52FBF}"
EndProject
Project("{FAE04EC0-301F-11D3-BF4B-00C04F79EFBC}") = "Unity.Analytics.DataPrivacy", "Unity.Analytics.DataPrivacy.csproj", "{F47EB912-9BF7-8137-888D-91D23A2E0E05}"
EndProject
Project("{FAE04EC0-301F-11D3-BF4B-00C04F79EFBC}") = "Assembly-CSharp", "Assembly-CSharp.csproj", "{F19FBF88-0B43-4195-38A1-1A106E58E3F0}"
EndProject
Project("{FAE04EC0-301F-11D3-BF4B-00C04F79EFBC}") = "UnityEngine.Monetization", "UnityEngine.Monetization.csproj", "{A97CD9F0-5CE9-8A76-E9B2-05FE561F06C2}"
EndProject
Project("{FAE04EC0-301F-11D3-BF4B-00C04F79EFBC}") = "UnityEngine.XR.LegacyInputHelpers", "UnityEngine.XR.LegacyInputHelpers.csproj", "{E1529DA2-B18C-CCF6-2584-19B39A73323C}"
EndProject
Project("{FAE04EC0-301F-11D3-BF4B-00C04F79EFBC}") = "UnityEngine.SpatialTracking", "UnityEngine.SpatialTracking.csproj", "{D7BA3556-4D25-D04D-F92B-3C90EF695261}"
EndProject
Project("{FAE04EC0-301F-11D3-BF4B-00C04F79EFBC}") = "Unity.TextMeshPro.Editor", "Unity.TextMeshPro.Editor.csproj", "{7D2440F0-21DC-19E9-B017-5D2ECCBAE9F5}"
EndProject
Project("{FAE04EC0-301F-11D3-BF4B-00C04F79EFBC}") = "Unity.Timeline.Editor", "Unity.Timeline.Editor.csproj", "{171F0A2F-95C2-EE56-8BF6-FED385697D23}"
EndProject
Project("{FAE04EC0-301F-11D3-BF4B-00C04F79EFBC}") = "UnityEditor.TestRunner", "UnityEditor.TestRunner.csproj", "{1E622C6C-9E58-FAD0-10A4-F0CC3CA1439A}"
EndProject
Project("{FAE04EC0-301F-11D3-BF4B-00C04F79EFBC}") = "Unity.2D.Sprite.Editor", "Unity.2D.Sprite.Editor.csproj", "{161A117B-D14E-EE15-D73E-DBBE85B64B79}"
EndProject
Project("{FAE04EC0-301F-11D3-BF4B-00C04F79EFBC}") = "UnityEditor.UI", "UnityEditor.UI.csproj", "{BF87B86A-9BA7-BEBD-0E7F-F25AE646DF86}"
EndProject
Project("{FAE04EC0-301F-11D3-BF4B-00C04F79EFBC}") = "Unity.Rider.Editor", "Unity.Rider.Editor.csproj", "{04B496B3-1E44-E3ED-662F-E86F809C1D13}"
EndProject
Project("{FAE04EC0-301F-11D3-BF4B-00C04F79EFBC}") = "Unity.2D.Tilemap.Editor", "Unity.2D.Tilemap.Editor.csproj", "{586DB7C1-5DDB-EA5C-2EE5-8A98A166D154}"
EndProject
Project("{FAE04EC0-301F-11D3-BF4B-00C04F79EFBC}") = "Unity.VisualStudio.Editor", "Unity.VisualStudio.Editor.csproj", "{10B15B6E-3DDE-AEEE-7C13-FF0380A6DA64}"
EndProject
Project("{FAE04EC0-301F-11D3-BF4B-00C04F79EFBC}") = "UnityEditor.XR.LegacyInputHelpers", "UnityEditor.XR.LegacyInputHelpers.csproj", "{A1AB8C84-35DE-D974-34B7-28E76621F887}"
EndProject
Project("{FAE04EC0-301F-11D3-BF4B-00C04F79EFBC}") = "Unity.CollabProxy.Editor", "Unity.CollabProxy.Editor.csproj", "{DF1BDEFB-4166-319E-4E5D-8981CB2BF5C8}"
EndProject
Project("{FAE04EC0-301F-11D3-BF4B-00C04F79EFBC}") = "Unity.VSCode.Editor", "Unity.VSCode.Editor.csproj", "{7DB10F44-A487-0768-46A0-8C54E96DB7F0}"
EndProject
Project("{FAE04EC0-301F-11D3-BF4B-00C04F79EFBC}") = "UnityEditor.SpatialTracking", "UnityEditor.SpatialTracking.csproj", "{5304C9DC-2DF8-E0A4-D188-982B9DE33A87}"
EndProject
Project("{FAE04EC0-301F-11D3-BF4B-00C04F79EFBC}") = "Assembly-CSharp-firstpass.Player", "Assembly-CSharp-firstpass.Player.csproj", "{364C0DD2-A082-40DD-CC05-0AB4FD19B1DE}"
EndProject
Project("{FAE04EC0-301F-11D3-BF4B-00C04F79EFBC}") = "Assembly-CSharp.Player", "Assembly-CSharp.Player.csproj", "{6066E543-6188-A440-E372-875A7F02E00F}"
EndProject
Global
	GlobalSection(SolutionConfigurationPlatforms) = preSolution
		Debug|Any CPU = Debug|Any CPU
		Release|Any CPU = Release|Any CPU
	EndGlobalSection
	GlobalSection(ProjectConfigurationPlatforms) = postSolution
		{3924F3BC-2CA2-6F16-0849-E1380B7FD619}.Debug|Any CPU.ActiveCfg = Debug|Any CPU
		{3924F3BC-2CA2-6F16-0849-E1380B7FD619}.Debug|Any CPU.Build.0 = Debug|Any CPU
		{3924F3BC-2CA2-6F16-0849-E1380B7FD619}.Release|Any CPU.ActiveCfg = Release|Any CPU
		{3924F3BC-2CA2-6F16-0849-E1380B7FD619}.Release|Any CPU.Build.0 = Release|Any CPU
		{F068BB10-F372-0B32-D3E6-6D1F6B58B53F}.Debug|Any CPU.ActiveCfg = Debug|Any CPU
		{F068BB10-F372-0B32-D3E6-6D1F6B58B53F}.Debug|Any CPU.Build.0 = Debug|Any CPU
		{F068BB10-F372-0B32-D3E6-6D1F6B58B53F}.Release|Any CPU.ActiveCfg = Release|Any CPU
		{F068BB10-F372-0B32-D3E6-6D1F6B58B53F}.Release|Any CPU.Build.0 = Release|Any CPU
		{AB07133A-EFC3-6954-24E2-4F859CFC1ECB}.Debug|Any CPU.ActiveCfg = Debug|Any CPU
		{AB07133A-EFC3-6954-24E2-4F859CFC1ECB}.Debug|Any CPU.Build.0 = Debug|Any CPU
		{AB07133A-EFC3-6954-24E2-4F859CFC1ECB}.Release|Any CPU.ActiveCfg = Release|Any CPU
		{AB07133A-EFC3-6954-24E2-4F859CFC1ECB}.Release|Any CPU.Build.0 = Release|Any CPU
		{093A6CB3-C5F6-9E27-F315-4E4625087075}.Debug|Any CPU.ActiveCfg = Debug|Any CPU
		{093A6CB3-C5F6-9E27-F315-4E4625087075}.Debug|Any CPU.Build.0 = Debug|Any CPU
		{093A6CB3-C5F6-9E27-F315-4E4625087075}.Release|Any CPU.ActiveCfg = Release|Any CPU
		{093A6CB3-C5F6-9E27-F315-4E4625087075}.Release|Any CPU.Build.0 = Release|Any CPU
		{2F27C4F5-C913-E112-1F0E-E043DD969A1E}.Debug|Any CPU.ActiveCfg = Debug|Any CPU
		{2F27C4F5-C913-E112-1F0E-E043DD969A1E}.Debug|Any CPU.Build.0 = Debug|Any CPU
		{2F27C4F5-C913-E112-1F0E-E043DD969A1E}.Release|Any CPU.ActiveCfg = Release|Any CPU
		{2F27C4F5-C913-E112-1F0E-E043DD969A1E}.Release|Any CPU.Build.0 = Release|Any CPU
		{330D781B-9027-9711-3A7E-86F13EF52FBF}.Debug|Any CPU.ActiveCfg = Debug|Any CPU
		{330D781B-9027-9711-3A7E-86F13EF52FBF}.Debug|Any CPU.Build.0 = Debug|Any CPU
		{330D781B-9027-9711-3A7E-86F13EF52FBF}.Release|Any CPU.ActiveCfg = Release|Any CPU
		{330D781B-9027-9711-3A7E-86F13EF52FBF}.Release|Any CPU.Build.0 = Release|Any CPU
		{F47EB912-9BF7-8137-888D-91D23A2E0E05}.Debug|Any CPU.ActiveCfg = Debug|Any CPU
		{F47EB912-9BF7-8137-888D-91D23A2E0E05}.Debug|Any CPU.Build.0 = Debug|Any CPU
		{F47EB912-9BF7-8137-888D-91D23A2E0E05}.Release|Any CPU.ActiveCfg = Release|Any CPU
		{F47EB912-9BF7-8137-888D-91D23A2E0E05}.Release|Any CPU.Build.0 = Release|Any CPU
		{F19FBF88-0B43-4195-38A1-1A106E58E3F0}.Debug|Any CPU.ActiveCfg = Debug|Any CPU
		{F19FBF88-0B43-4195-38A1-1A106E58E3F0}.Debug|Any CPU.Build.0 = Debug|Any CPU
		{F19FBF88-0B43-4195-38A1-1A106E58E3F0}.Release|Any CPU.ActiveCfg = Release|Any CPU
		{F19FBF88-0B43-4195-38A1-1A106E58E3F0}.Release|Any CPU.Build.0 = Release|Any CPU
		{A97CD9F0-5CE9-8A76-E9B2-05FE561F06C2}.Debug|Any CPU.ActiveCfg = Debug|Any CPU
		{A97CD9F0-5CE9-8A76-E9B2-05FE561F06C2}.Debug|Any CPU.Build.0 = Debug|Any CPU
		{A97CD9F0-5CE9-8A76-E9B2-05FE561F06C2}.Release|Any CPU.ActiveCfg = Release|Any CPU
		{A97CD9F0-5CE9-8A76-E9B2-05FE561F06C2}.Release|Any CPU.Build.0 = Release|Any CPU
		{E1529DA2-B18C-CCF6-2584-19B39A73323C}.Debug|Any CPU.ActiveCfg = Debug|Any CPU
		{E1529DA2-B18C-CCF6-2584-19B39A73323C}.Debug|Any CPU.Build.0 = Debug|Any CPU
		{E1529DA2-B18C-CCF6-2584-19B39A73323C}.Release|Any CPU.ActiveCfg = Release|Any CPU
		{E1529DA2-B18C-CCF6-2584-19B39A73323C}.Release|Any CPU.Build.0 = Release|Any CPU
		{D7BA3556-4D25-D04D-F92B-3C90EF695261}.Debug|Any CPU.ActiveCfg = Debug|Any CPU
		{D7BA3556-4D25-D04D-F92B-3C90EF695261}.Debug|Any CPU.Build.0 = Debug|Any CPU
		{D7BA3556-4D25-D04D-F92B-3C90EF695261}.Release|Any CPU.ActiveCfg = Release|Any CPU
		{D7BA3556-4D25-D04D-F92B-3C90EF695261}.Release|Any CPU.Build.0 = Release|Any CPU
		{7D2440F0-21DC-19E9-B017-5D2ECCBAE9F5}.Debug|Any CPU.ActiveCfg = Debug|Any CPU
		{7D2440F0-21DC-19E9-B017-5D2ECCBAE9F5}.Debug|Any CPU.Build.0 = Debug|Any CPU
		{7D2440F0-21DC-19E9-B017-5D2ECCBAE9F5}.Release|Any CPU.ActiveCfg = Release|Any CPU
		{7D2440F0-21DC-19E9-B017-5D2ECCBAE9F5}.Release|Any CPU.Build.0 = Release|Any CPU
		{171F0A2F-95C2-EE56-8BF6-FED385697D23}.Debug|Any CPU.ActiveCfg = Debug|Any CPU
		{171F0A2F-95C2-EE56-8BF6-FED385697D23}.Debug|Any CPU.Build.0 = Debug|Any CPU
		{171F0A2F-95C2-EE56-8BF6-FED385697D23}.Release|Any CPU.ActiveCfg = Release|Any CPU
		{171F0A2F-95C2-EE56-8BF6-FED385697D23}.Release|Any CPU.Build.0 = Release|Any CPU
		{1E622C6C-9E58-FAD0-10A4-F0CC3CA1439A}.Debug|Any CPU.ActiveCfg = Debug|Any CPU
		{1E622C6C-9E58-FAD0-10A4-F0CC3CA1439A}.Debug|Any CPU.Build.0 = Debug|Any CPU
		{1E622C6C-9E58-FAD0-10A4-F0CC3CA1439A}.Release|Any CPU.ActiveCfg = Release|Any CPU
		{1E622C6C-9E58-FAD0-10A4-F0CC3CA1439A}.Release|Any CPU.Build.0 = Release|Any CPU
		{161A117B-D14E-EE15-D73E-DBBE85B64B79}.Debug|Any CPU.ActiveCfg = Debug|Any CPU
		{161A117B-D14E-EE15-D73E-DBBE85B64B79}.Debug|Any CPU.Build.0 = Debug|Any CPU
		{161A117B-D14E-EE15-D73E-DBBE85B64B79}.Release|Any CPU.ActiveCfg = Release|Any CPU
		{161A117B-D14E-EE15-D73E-DBBE85B64B79}.Release|Any CPU.Build.0 = Release|Any CPU
		{BF87B86A-9BA7-BEBD-0E7F-F25AE646DF86}.Debug|Any CPU.ActiveCfg = Debug|Any CPU
		{BF87B86A-9BA7-BEBD-0E7F-F25AE646DF86}.Debug|Any CPU.Build.0 = Debug|Any CPU
		{BF87B86A-9BA7-BEBD-0E7F-F25AE646DF86}.Release|Any CPU.ActiveCfg = Release|Any CPU
		{BF87B86A-9BA7-BEBD-0E7F-F25AE646DF86}.Release|Any CPU.Build.0 = Release|Any CPU
		{04B496B3-1E44-E3ED-662F-E86F809C1D13}.Debug|Any CPU.ActiveCfg = Debug|Any CPU
		{04B496B3-1E44-E3ED-662F-E86F809C1D13}.Debug|Any CPU.Build.0 = Debug|Any CPU
		{04B496B3-1E44-E3ED-662F-E86F809C1D13}.Release|Any CPU.ActiveCfg = Release|Any CPU
		{04B496B3-1E44-E3ED-662F-E86F809C1D13}.Release|Any CPU.Build.0 = Release|Any CPU
		{586DB7C1-5DDB-EA5C-2EE5-8A98A166D154}.Debug|Any CPU.ActiveCfg = Debug|Any CPU
		{586DB7C1-5DDB-EA5C-2EE5-8A98A166D154}.Debug|Any CPU.Build.0 = Debug|Any CPU
		{586DB7C1-5DDB-EA5C-2EE5-8A98A166D154}.Release|Any CPU.ActiveCfg = Release|Any CPU
		{586DB7C1-5DDB-EA5C-2EE5-8A98A166D154}.Release|Any CPU.Build.0 = Release|Any CPU
		{10B15B6E-3DDE-AEEE-7C13-FF0380A6DA64}.Debug|Any CPU.ActiveCfg = Debug|Any CPU
		{10B15B6E-3DDE-AEEE-7C13-FF0380A6DA64}.Debug|Any CPU.Build.0 = Debug|Any CPU
		{10B15B6E-3DDE-AEEE-7C13-FF0380A6DA64}.Release|Any CPU.ActiveCfg = Release|Any CPU
		{10B15B6E-3DDE-AEEE-7C13-FF0380A6DA64}.Release|Any CPU.Build.0 = Release|Any CPU
		{A1AB8C84-35DE-D974-34B7-28E76621F887}.Debug|Any CPU.ActiveCfg = Debug|Any CPU
		{A1AB8C84-35DE-D974-34B7-28E76621F887}.Debug|Any CPU.Build.0 = Debug|Any CPU
		{A1AB8C84-35DE-D974-34B7-28E76621F887}.Release|Any CPU.ActiveCfg = Release|Any CPU
		{A1AB8C84-35DE-D974-34B7-28E76621F887}.Release|Any CPU.Build.0 = Release|Any CPU
		{DF1BDEFB-4166-319E-4E5D-8981CB2BF5C8}.Debug|Any CPU.ActiveCfg = Debug|Any CPU
		{DF1BDEFB-4166-319E-4E5D-8981CB2BF5C8}.Debug|Any CPU.Build.0 = Debug|Any CPU
		{DF1BDEFB-4166-319E-4E5D-8981CB2BF5C8}.Release|Any CPU.ActiveCfg = Release|Any CPU
		{DF1BDEFB-4166-319E-4E5D-8981CB2BF5C8}.Release|Any CPU.Build.0 = Release|Any CPU
		{7DB10F44-A487-0768-46A0-8C54E96DB7F0}.Debug|Any CPU.ActiveCfg = Debug|Any CPU
		{7DB10F44-A487-0768-46A0-8C54E96DB7F0}.Debug|Any CPU.Build.0 = Debug|Any CPU
		{7DB10F44-A487-0768-46A0-8C54E96DB7F0}.Release|Any CPU.ActiveCfg = Release|Any CPU
		{7DB10F44-A487-0768-46A0-8C54E96DB7F0}.Release|Any CPU.Build.0 = Release|Any CPU
		{5304C9DC-2DF8-E0A4-D188-982B9DE33A87}.Debug|Any CPU.ActiveCfg = Debug|Any CPU
		{5304C9DC-2DF8-E0A4-D188-982B9DE33A87}.Debug|Any CPU.Build.0 = Debug|Any CPU
		{5304C9DC-2DF8-E0A4-D188-982B9DE33A87}.Release|Any CPU.ActiveCfg = Release|Any CPU
		{5304C9DC-2DF8-E0A4-D188-982B9DE33A87}.Release|Any CPU.Build.0 = Release|Any CPU
		{364C0DD2-A082-40DD-CC05-0AB4FD19B1DE}.Debug|Any CPU.ActiveCfg = Debug|Any CPU
		{364C0DD2-A082-40DD-CC05-0AB4FD19B1DE}.Debug|Any CPU.Build.0 = Debug|Any CPU
		{364C0DD2-A082-40DD-CC05-0AB4FD19B1DE}.Release|Any CPU.ActiveCfg = Release|Any CPU
		{364C0DD2-A082-40DD-CC05-0AB4FD19B1DE}.Release|Any CPU.Build.0 = Release|Any CPU
		{6066E543-6188-A440-E372-875A7F02E00F}.Debug|Any CPU.ActiveCfg = Debug|Any CPU
		{6066E543-6188-A440-E372-875A7F02E00F}.Debug|Any CPU.Build.0 = Debug|Any CPU
		{6066E543-6188-A440-E372-875A7F02E00F}.Release|Any CPU.ActiveCfg = Release|Any CPU
		{6066E543-6188-A440-E372-875A7F02E00F}.Release|Any CPU.Build.0 = Release|Any CPU
	EndGlobalSection
	GlobalSection(SolutionProperties) = preSolution
		HideSolutionNode = FALSE
	EndGlobalSection
EndGlobal
